
Microsoft Visual Studio Solution File, Format Version 12.00
# Visual Studio Version 17
VisualStudioVersion = 17.10.34928.147
MinimumVisualStudioVersion = 10.0.40219.1
Project("{FAE04EC0-301F-11D3-BF4B-00C04F79EFBC}") = "ShorterUrl.Api", "ShorterUrl.API\ShorterUrl.Api.csproj", "{F1825AFD-C72A-4FA3-A971-2C2AEBFEF4A1}"
EndProject
Project("{FAE04EC0-301F-11D3-BF4B-00C04F79EFBC}") = "ShorterUrl.Core", "ShorterUrl.Core\ShorterUrl.Core.csproj", "{D2957791-4BF4-435C-94D3-1BCD0A9E2464}"
EndProject
Project("{FAE04EC0-301F-11D3-BF4B-00C04F79EFBC}") = "ShorterUrl.Services", "ShorterUrl.Services\ShorterUrl.Services.csproj", "{1BCD3A24-9044-43A3-B7C1-220FE9895484}"
EndProject
Project("{FAE04EC0-301F-11D3-BF4B-00C04F79EFBC}") = "ShorterUrl.Tools.Functions", "ShorterUrl.Tools.Functions\ShorterUrl.Tools.Functions.csproj", "{B5153088-ADB1-4617-B1F4-CE3B930B50D5}"
EndProject
Global
	GlobalSection(SolutionConfigurationPlatforms) = preSolution
		Debug|Any CPU = Debug|Any CPU
		Release|Any CPU = Release|Any CPU
	EndGlobalSection
	GlobalSection(ProjectConfigurationPlatforms) = postSolution
		{F1825AFD-C72A-4FA3-A971-2C2AEBFEF4A1}.Debug|Any CPU.ActiveCfg = Debug|Any CPU
		{F1825AFD-C72A-4FA3-A971-2C2AEBFEF4A1}.Debug|Any CPU.Build.0 = Debug|Any CPU
		{F1825AFD-C72A-4FA3-A971-2C2AEBFEF4A1}.Release|Any CPU.ActiveCfg = Release|Any CPU
		{F1825AFD-C72A-4FA3-A971-2C2AEBFEF4A1}.Release|Any CPU.Build.0 = Release|Any CPU
		{D2957791-4BF4-435C-94D3-1BCD0A9E2464}.Debug|Any CPU.ActiveCfg = Debug|Any CPU
		{D2957791-4BF4-435C-94D3-1BCD0A9E2464}.Debug|Any CPU.Build.0 = Debug|Any CPU
		{D2957791-4BF4-435C-94D3-1BCD0A9E2464}.Release|Any CPU.ActiveCfg = Release|Any CPU
		{D2957791-4BF4-435C-94D3-1BCD0A9E2464}.Release|Any CPU.Build.0 = Release|Any CPU
		{1BCD3A24-9044-43A3-B7C1-220FE9895484}.Debug|Any CPU.ActiveCfg = Debug|Any CPU
		{1BCD3A24-9044-43A3-B7C1-220FE9895484}.Debug|Any CPU.Build.0 = Debug|Any CPU
		{1BCD3A24-9044-43A3-B7C1-220FE9895484}.Release|Any CPU.ActiveCfg = Release|Any CPU
		{1BCD3A24-9044-43A3-B7C1-220FE9895484}.Release|Any CPU.Build.0 = Release|Any CPU
		{B5153088-ADB1-4617-B1F4-CE3B930B50D5}.Debug|Any CPU.ActiveCfg = Debug|Any CPU
		{B5153088-ADB1-4617-B1F4-CE3B930B50D5}.Debug|Any CPU.Build.0 = Debug|Any CPU
		{B5153088-ADB1-4617-B1F4-CE3B930B50D5}.Release|Any CPU.ActiveCfg = Release|Any CPU
		{B5153088-ADB1-4617-B1F4-CE3B930B50D5}.Release|Any CPU.Build.0 = Release|Any CPU
	EndGlobalSection
	GlobalSection(SolutionProperties) = preSolution
		HideSolutionNode = FALSE
	EndGlobalSection
	GlobalSection(ExtensibilityGlobals) = postSolution
		SolutionGuid = {F6AC8066-4449-42DD-8EB4-06FD9558154D}
	EndGlobalSection
EndGlobal
